PODS:
  - Appboy-iOS-SDK (2.19.2):
    - SDWebImage (~> 3.7.0)
  - Firebase (2.5.1)
  - SDWebImage (3.7.5):
    - SDWebImage/Core (= 3.7.5)
  - SDWebImage/Core (3.7.5)
  - Tune (4.2.0)

DEPENDENCIES:
  - Appboy-iOS-SDK (~> 2.19)
  - Firebase (>= 2.5.1)
  - Tune

SPEC CHECKSUMS:
  Appboy-iOS-SDK: b36df0bce312ed9f6dcc9d8bb978f36e7edac765
  Firebase: 3565ea88b830f28f2c77ecc524622bc71a20d085
  SDWebImage: 69c6303e3348fba97e03f65d65d4fbc26740f461
  Tune: 11feb3e24498311cb182dfeec26aaa9fda18fbbf

COCOAPODS: 0.39.0
